
Microsoft Visual Studio Solution File, Format Version 12.00
# Visual Studio Version 17
VisualStudioVersion = 17.10.35004.147
MinimumVisualStudioVersion = 10.0.40219.1
Project("{FAE04EC0-301F-11D3-BF4B-00C04F79EFBC}") = "miliomos", "miliomos\miliomos.csproj", "{8FB9848E-A7AC-48C0-9EDA-49A9249D9F27}"
EndProject
Global
	GlobalSection(SolutionConfigurationPlatforms) = preSolution
		Debug|Any CPU = Debug|Any CPU
		Release|Any CPU = Release|Any CPU
	EndGlobalSection
	GlobalSection(ProjectConfigurationPlatforms) = postSolution
		{8FB9848E-A7AC-48C0-9EDA-49A9249D9F27}.Debug|Any CPU.ActiveCfg = Debug|Any CPU
		{8FB9848E-A7AC-48C0-9EDA-49A9249D9F27}.Debug|Any CPU.Build.0 = Debug|Any CPU
		{8FB9848E-A7AC-48C0-9EDA-49A9249D9F27}.Release|Any CPU.ActiveCfg = Release|Any CPU
		{8FB9848E-A7AC-48C0-9EDA-49A9249D9F27}.Release|Any CPU.Build.0 = Release|Any CPU
	EndGlobalSection
	GlobalSection(SolutionProperties) = preSolution
		HideSolutionNode = FALSE
	EndGlobalSection
	GlobalSection(ExtensibilityGlobals) = postSolution
		SolutionGuid = {61CB90D6-822C-4E68-B176-AE6FCF1807AC}
	EndGlobalSection
EndGlobal
